lockfileVersion: '9.0'

settings:
  autoInstallPeers: true
  excludeLinksFromLockfile: false

importers:

  .:
    dependencies:
      '@monaxlabs/mdk-schema':
        specifier: ^1.0.16
        version: 1.0.16(typescript@5.7.3)
      '@sentry/browser':
        specifier: ^7.112.2
        version: 7.112.2
      '@sentry/react':
        specifier: ^7.112.2
        version: 7.112.2(react@18.3.1)
      debounce:
        specifier: ^2.0.0
        version: 2.0.0
      eventemitter3:
        specifier: ^5.0.1
        version: 5.0.1
      lodash:
        specifier: ^4.17.21
        version: 4.17.21
      react:
        specifier: ^18.3.1
        version: 18.3.1
      react-router-dom:
        specifier: ^6.23.0
        version: 6.23.0(react-dom@18.3.1(react@18.3.1))(react@18.3.1)
    devDependencies:
      '@biomejs/biome':
        specifier: 1.9.4
        version: 1.9.4
      '@sentry/types':
        specifier: ^7.112.2
        version: 7.112.2
      '@types/lodash':
        specifier: ^4.17.0
        version: 4.17.0
      '@types/react':
        specifier: ^18.3.1
        version: 18.3.1
      '@types/react-dom':
        specifier: ^18.3.0
        version: 18.3.0
      typescript:
        specifier: ^5.5.4
        version: 5.7.3

packages:

  '@adraffy/ens-normalize@1.11.0':
    resolution: {integrity: sha512-/3DDPKHqqIqxUULp8yP4zODUY1i+2xvVWsv8A79xGWdCAG+8sb0hRh0Rk2QyOJUnnbyPUAZYcpBuRe3nS2OIUg==}

  '@biomejs/biome@1.9.4':
    resolution: {integrity: sha512-1rkd7G70+o9KkTn5KLmDYXihGoTaIGO9PIIN2ZB7UJxFrWw04CZHPYiMRjYsaDvVV7hP1dYNRLxSANLaBFGpog==}
    engines: {node: '>=14.21.3'}
    hasBin: true

  '@biomejs/cli-darwin-arm64@1.9.4':
    resolution: {integrity: sha512-bFBsPWrNvkdKrNCYeAp+xo2HecOGPAy9WyNyB/jKnnedgzl4W4Hb9ZMzYNbf8dMCGmUdSavlYHiR01QaYR58cw==}
    engines: {node: '>=14.21.3'}
    cpu: [arm64]
    os: [darwin]

  '@biomejs/cli-darwin-x64@1.9.4':
    resolution: {integrity: sha512-ngYBh/+bEedqkSevPVhLP4QfVPCpb+4BBe2p7Xs32dBgs7rh9nY2AIYUL6BgLw1JVXV8GlpKmb/hNiuIxfPfZg==}
    engines: {node: '>=14.21.3'}
    cpu: [x64]
    os: [darwin]

  '@biomejs/cli-linux-arm64-musl@1.9.4':
    resolution: {integrity: sha512-v665Ct9WCRjGa8+kTr0CzApU0+XXtRgwmzIf1SeKSGAv+2scAlW6JR5PMFo6FzqqZ64Po79cKODKf3/AAmECqA==}
    engines: {node: '>=14.21.3'}
    cpu: [arm64]
    os: [linux]

  '@biomejs/cli-linux-arm64@1.9.4':
    resolution: {integrity: sha512-fJIW0+LYujdjUgJJuwesP4EjIBl/N/TcOX3IvIHJQNsAqvV2CHIogsmA94BPG6jZATS4Hi+xv4SkBBQSt1N4/g==}
    engines: {node: '>=14.21.3'}
    cpu: [arm64]
    os: [linux]

  '@biomejs/cli-linux-x64-musl@1.9.4':
    resolution: {integrity: sha512-gEhi/jSBhZ2m6wjV530Yy8+fNqG8PAinM3oV7CyO+6c3CEh16Eizm21uHVsyVBEB6RIM8JHIl6AGYCv6Q6Q9Tg==}
    engines: {node: '>=14.21.3'}
    cpu: [x64]
    os: [linux]

  '@biomejs/cli-linux-x64@1.9.4':
    resolution: {integrity: sha512-lRCJv/Vi3Vlwmbd6K+oQ0KhLHMAysN8lXoCI7XeHlxaajk06u7G+UsFSO01NAs5iYuWKmVZjmiOzJ0OJmGsMwg==}
    engines: {node: '>=14.21.3'}
    cpu: [x64]
    os: [linux]

  '@biomejs/cli-win32-arm64@1.9.4':
    resolution: {integrity: sha512-tlbhLk+WXZmgwoIKwHIHEBZUwxml7bRJgk0X2sPyNR3S93cdRq6XulAZRQJ17FYGGzWne0fgrXBKpl7l4M87Hg==}
    engines: {node: '>=14.21.3'}
    cpu: [arm64]
    os: [win32]

  '@biomejs/cli-win32-x64@1.9.4':
    resolution: {integrity: sha512-8Y5wMhVIPaWe6jw2H+KlEm4wP/f7EW3810ZLmDlrEEy5KvBsb9ECEfu/kMWD484ijfQ8+nIi0giMgu9g1UAuuA==}
    engines: {node: '>=14.21.3'}
    cpu: [x64]
    os: [win32]

  '@monaxlabs/mdk-schema@1.0.16':
    resolution: {integrity: sha512-BzEGXDSByDulb6m3Z8i3R5XWnOzWtddik6LqahcJGSoMkZAM6tC5xRBiBAh+L/h/QYpGQo3FdCtszcE/Fvn0aQ==}
    peerDependencies:
      zod: 3.24.1
    peerDependenciesMeta:
      zod:
        optional: true

  '@noble/curves@1.8.1':
    resolution: {integrity: sha512-warwspo+UYUPep0Q+vtdVB4Ugn8GGQj8iyB3gnRWsztmUHTI3S1nhdiWNsPUGL0vud7JlRRk1XEu7Lq1KGTnMQ==}
    engines: {node: ^14.21.3 || >=16}

  '@noble/hashes@1.7.1':
    resolution: {integrity: sha512-B8XBPsn4vT/KJAGqDzbwztd+6Yte3P4V7iafm24bxgDe/mlRuK6xmWPuCNrKt2vDafZ8MfJLlchDG/vYafQEjQ==}
    engines: {node: ^14.21.3 || >=16}

  '@remix-run/router@1.16.0':
    resolution: {integrity: sha512-Quz1KOffeEf/zwkCBM3kBtH4ZoZ+pT3xIXBG4PPW/XFtDP7EGhtTiC2+gpL9GnR7+Qdet5Oa6cYSvwKYg6kN9Q==}
    engines: {node: '>=14.0.0'}

  '@scure/base@1.2.4':
    resolution: {integrity: sha512-5Yy9czTO47mqz+/J8GM6GIId4umdCk1wc1q8rKERQulIoc8VP9pzDcghv10Tl2E7R96ZUx/PhND3ESYUQX8NuQ==}

  '@scure/bip32@1.6.2':
    resolution: {integrity: sha512-t96EPDMbtGgtb7onKKqxRLfE5g05k7uHnHRM2xdE6BP/ZmxaLtPek4J4KfVn/90IQNrU1IOAqMgiDtUdtbe3nw==}

  '@scure/bip39@1.5.4':
    resolution: {integrity: sha512-TFM4ni0vKvCfBpohoh+/lY05i9gRbSwXWngAsF4CABQxoaOHijxuaZ2R6cStDQ5CHtHO9aGJTr4ksVJASRRyMA==}

  '@sentry-internal/feedback@7.112.2':
    resolution: {integrity: sha512-z+XP8BwB8B3pa+i8xqbrPsbtDWUFUS6wo+FJbmOYUqOusJJbVFDAhBoEdKoo5ZjOcsAZG7XR6cA9zrhJynIWBA==}
    engines: {node: '>=12'}

  '@sentry-internal/replay-canvas@7.112.2':
    resolution: {integrity: sha512-BCCCxrZ1wJvN6La5gg1JJbKitAhJI5MATCnhtklsZbUcHkHB9iZoj19J65+P56gwssvHz5xh63AjNiITaetIRg==}
    engines: {node: '>=12'}

  '@sentry-internal/tracing@7.112.2':
    resolution: {integrity: sha512-fT1Y46J4lfXZkgFkb03YMNeIEs2xS6jdKMoukMFQfRfVvL9fSWEbTgZpHPd/YTT8r2i082XzjtAoQNgklm/0Hw==}
    engines: {node: '>=8'}

  '@sentry/browser@7.112.2':
    resolution: {integrity: sha512-wULwavCch84+d0bueAdFm6CDm1u0TfOjN91VgY+sj/vxUV2vesvDgI8zRZfmbZEor3MYA90zerkZT3ehZQKbYw==}
    engines: {node: '>=8'}

  '@sentry/core@7.112.2':
    resolution: {integrity: sha512-gHPCcJobbMkk0VR18J65WYQTt3ED4qC6X9lHKp27Ddt63E+MDGkG6lvYBU1LS8cV7CdyBGC1XXDCfor61GvLsA==}
    engines: {node: '>=8'}

  '@sentry/integrations@7.112.2':
    resolution: {integrity: sha512-ioC2yyU6DqtLkdmWnm87oNvdn2+9oKctJeA4t+jkS6JaJ10DcezjCwiLscX4rhB9aWJV3IWF7Op0O6K3w0t2Hg==}
    engines: {node: '>=8'}

  '@sentry/react@7.112.2':
    resolution: {integrity: sha512-Xf6mc1+/ncCk6ZFIj0oT4or2o0UxqqJZk09U/21RYNvVCn7+DNyCdJZ/F5wXWgPqVE67PrjydLLYaQWiqLibiA==}
    engines: {node: '>=8'}
    peerDependencies:
      react: 15.x || 16.x || 17.x || 18.x

  '@sentry/replay@7.112.2':
    resolution: {integrity: sha512-7Ns/8D54WPsht1nlVj93Inf6rXyve2AZoibYN0YfcM2w3lI4NO51gPPHJU0lFEfMwzwK4ZBJWzOeW9098a+uEg==}
    engines: {node: '>=12'}

  '@sentry/types@7.112.2':
    resolution: {integrity: sha512-kCMLt7yhY5OkWE9MeowlTNmox9pqDxcpvqguMo4BDNZM5+v9SEb1AauAdR78E1a1V8TyCzjBD7JDfXWhvpYBcQ==}
    engines: {node: '>=8'}

  '@sentry/utils@7.112.2':
    resolution: {integrity: sha512-OjLh0hx0t1EcL4ZIjf+4svlmmP+tHUDGcr5qpFWH78tjmkPW4+cqPuZCZfHSuWcDdeiaXi8TnYoVRqDcJKK/eQ==}
    engines: {node: '>=8'}

  '@types/lodash@4.17.0':
    resolution: {integrity: sha512-t7dhREVv6dbNj0q17X12j7yDG4bD/DHYX7o5/DbDxobP0HnGPgpRz2Ej77aL7TZT3DSw13fqUTj8J4mMnqa7WA==}

  '@types/prop-types@15.7.12':
    resolution: {integrity: sha512-5zvhXYtRNRluoE/jAp4GVsSduVUzNWKkOZrCDBWYtE7biZywwdC2AcEzg+cSMLFRfVgeAFqpfNabiPjxFddV1Q==}

  '@types/react-dom@18.3.0':
    resolution: {integrity: sha512-EhwApuTmMBmXuFOikhQLIBUn6uFg81SwLMOAUgodJF14SOBOCMdU04gDoYi0WOJJHD144TL32z4yDqCW3dnkQg==}

  '@types/react@18.3.1':
    resolution: {integrity: sha512-V0kuGBX3+prX+DQ/7r2qsv1NsdfnCLnTgnRJ1pYnxykBhGMz+qj+box5lq7XsO5mtZsBqpjwwTu/7wszPfMBcw==}

  abitype@1.0.8:
    resolution: {integrity: sha512-ZeiI6h3GnW06uYDLx0etQtX/p8E24UaHHBj57RSjK7YBFe7iuVn07EDpOeP451D06sF27VOz9JJPlIKJmXgkEg==}
    peerDependencies:
      typescript: '>=5.0.4'
      zod: ^3 >=3.22.0
    peerDependenciesMeta:
      typescript:
        optional: true
      zod:
        optional: true

  base64-js@1.5.1:
    resolution: {integrity: sha512-AKpaYlHn8t4SVbOHCy+b5+KKgvR4vrsD8vbvrbiQJps7fKDTkjkDry6ji0rUJjC0kzbNePLwzxq8iypo41qeWA==}

  bigdecimal.js@1.3.0:
    resolution: {integrity: sha512-qGFPzhAjwv3iHqvScd/IclolF9GJGkH0Yf/HKcMCXmP3qK0qBAKbrxLFVRZC3KjE0h6ENUHB5IatYV+IV+FP5w==}
    engines: {node: '>=10.4.0'}

  buffer@6.0.3:
    resolution: {integrity: sha512-FTiCpNxtwiZZHEZbcbTIcZjERVICn9yq/pDFkTl95/AxzD1naBctN7YO68riM/gLSDY7sdrMby8hofADYuuqOA==}

  csstype@3.1.3:
    resolution: {integrity: sha512-M1uQkMl8rQK/szD0LNhtqxIPLpimGm8sOBwU7lLnCpSbTyY3yeU1Vc7l4KT5zT4s/yOxHH5O7tIuuLOCnLADRw==}

  date-fns@4.1.0:
    resolution: {integrity: sha512-Ukq0owbQXxa/U3EGtsdVBkR1w7KOQ5gIBqdH2hkvknzZPYvBxb/aa6E8L7tmjFtkwZBu3UXBbjIgPo/Ez4xaNg==}

  debounce@2.0.0:
    resolution: {integrity: sha512-xRetU6gL1VJbs85Mc4FoEGSjQxzpdxRyFhe3lmWFyy2EzydIcD4xzUvRJMD+NPDfMwKNhxa3PvsIOU32luIWeA==}
    engines: {node: '>=18'}

  eventemitter3@5.0.1:
    resolution: {integrity: sha512-GWkBvjiSZK87ELrYOSESUYeVIc9mvLLf/nXalMOS5dYrgZq9o5OVkbZAVM06CVxYsCwH9BDZFPlQTlPA1j4ahA==}

  hoist-non-react-statics@3.3.2:
    resolution: {integrity: sha512-/gGivxi8JPKWNm/W0jSmzcMPpfpPLc3dY/6GxhX2hQ9iGj3aDfklV4ET7NjKpSinLpJ5vafa9iiGIEZg10SfBw==}

  ieee754@1.2.1:
    resolution: {integrity: sha512-dcyqhDvX1C46lXZcVqCpK+FtMRQVdIMN6/Df5js2zouUsqG7I6sFxitIC+7KYK29KdXOLHdu9zL4sFnoVQnqaA==}

  immediate@3.0.6:
    resolution: {integrity: sha512-XXOFtyqDjNDAQxVfYxuF7g9Il/IbWmmlQg2MYKOH8ExIT1qg6xc4zyS3HaEEATgs1btfzxq15ciUiY7gjSXRGQ==}

  isows@1.0.6:
    resolution: {integrity: sha512-lPHCayd40oW98/I0uvgaHKWCSvkzY27LjWLbtzOm64yQ+G3Q5npjjbdppU65iZXkK1Zt+kH9pfegli0AYfwYYw==}
    peerDependencies:
      ws: '*'

  js-tokens@4.0.0:
    resolution: {integrity: sha512-RdJUflcE3cUzKiMqQgsCu06FPu9UdIJO0beYbPhHN4k6apgJtifcoCtT9bcxOpYBtpD2kCM6Sbzg4CausW/PKQ==}

  lie@3.1.1:
    resolution: {integrity: sha512-RiNhHysUjhrDQntfYSfY4MU24coXXdEOgw9WGcKHNeEwffDYbF//u87M1EWaMGzuFoSbqW0C9C6lEEhDOAswfw==}

  localforage@1.10.0:
    resolution: {integrity: sha512-14/H1aX7hzBBmmh7sGPd+AOMkkIrHM3Z1PAyGgZigA1H1p5O5ANnMyWzvpAETtG68/dC4pC0ncy3+PPGzXZHPg==}

  lodash@4.17.21:
    resolution: {integrity: sha512-v2kDEe57lecTulaDIuNTPy3Ry4gLGJ6Z1O3vE1krgXZNrsQ+LFTGHVxVjcXPs17LhbZVGedAJv8XZ1tvj5FvSg==}

  loose-envify@1.4.0:
    resolution: {integrity: sha512-lyuxPGr/Wfhrlem2CL/UcnUc1zcqKAImBDzukY7Y5F/yQiNdko6+fRLevlw1HgMySw7f611UIY408EtxRSoK3Q==}
    hasBin: true

  ox@0.6.7:
    resolution: {integrity: sha512-17Gk/eFsFRAZ80p5eKqv89a57uXjd3NgIf1CaXojATPBuujVc/fQSVhBeAU9JCRB+k7J50WQAyWTxK19T9GgbA==}
    peerDependencies:
      typescript: '>=5.4.0'
    peerDependenciesMeta:
      typescript:
        optional: true

  react-dom@18.3.1:
    resolution: {integrity: sha512-5m4nQKp+rZRb09LNH59GM4BxTh9251/ylbKIbpe7TpGxfJ+9kv6BLkLBXIjjspbgbnIBNqlI23tRnTWT0snUIw==}
    peerDependencies:
      react: ^18.3.1

  react-is@16.13.1:
    resolution: {integrity: sha512-24e6ynE2H+OKt4kqsOvNd8kBpV65zoxbA4BVsEOB3ARVWQki/DHzaUoC5KuON/BiccDaCCTZBuOcfZs70kR8bQ==}

  react-router-dom@6.23.0:
    resolution: {integrity: sha512-Q9YaSYvubwgbal2c9DJKfx6hTNoBp3iJDsl+Duva/DwxoJH+OTXkxGpql4iUK2sla/8z4RpjAm6EWx1qUDuopQ==}
    engines: {node: '>=14.0.0'}
    peerDependencies:
      react: '>=16.8'
      react-dom: '>=16.8'

  react-router@6.23.0:
    resolution: {integrity: sha512-wPMZ8S2TuPadH0sF5irFGjkNLIcRvOSaEe7v+JER8508dyJumm6XZB1u5kztlX0RVq6AzRVndzqcUh6sFIauzA==}
    engines: {node: '>=14.0.0'}
    peerDependencies:
      react: '>=16.8'

  react@18.3.1:
    resolution: {integrity: sha512-wS+hAgJShR0KhEvPJArfuPVN1+Hz1t0Y6n5jLrGQbkb4urgPE/0Rve+1kMB1v/oWgHgm4WIcV+i7F2pTVj+2iQ==}
    engines: {node: '>=0.10.0'}

  scheduler@0.23.2:
    resolution: {integrity: sha512-UOShsPwz7NrMUqhR6t0hWjFduvOzbtv7toDH1/hIrfRNIDBnnBWd0CwJTGvTpngVlmwGCdP9/Zl/tVrDqcuYzQ==}

  typescript@5.7.3:
    resolution: {integrity: sha512-84MVSjMEHP+FQRPy3pX9sTVV/INIex71s9TL2Gm5FG/WG1SqXeKyZ0k7/blY/4FdOzI12CBy1vGc4og/eus0fw==}
    engines: {node: '>=14.17'}
    hasBin: true

  uuidv7@1.0.2:
    resolution: {integrity: sha512-8JQkH4ooXnm1JCIhqTMbtmdnYEn6oKukBxHn1Ic9878jMkL7daTI7anTExfY18VRCX7tcdn5quzvCb6EWrR8PA==}
    hasBin: true

  viem@2.22.19:
    resolution: {integrity: sha512-aGR/NUHaboQ/HoS86wYfJWbXt6aewjhp2OCO2uczCrusgcwXO/qC0l36AcFVw2dkOPBEhIG5oXMEso97L+xHmA==}
    peerDependencies:
      typescript: '>=5.0.4'
    peerDependenciesMeta:
      typescript:
        optional: true

  ws@8.18.0:
    resolution: {integrity: sha512-8VbfWfHLbbwu3+N6OKsOMpBdT4kXPDDB9cJk2bJ6mh9ucxdlnNvH1e+roYkKmN9Nxw2yjz7VzeO9oOz2zJ04Pw==}
    engines: {node: '>=10.0.0'}
    peerDependencies:
      bufferutil: ^4.0.1
      utf-8-validate: '>=5.0.2'
    peerDependenciesMeta:
      bufferutil:
        optional: true
      utf-8-validate:
        optional: true

snapshots:

  '@adraffy/ens-normalize@1.11.0': {}

  '@biomejs/biome@1.9.4':
    optionalDependencies:
      '@biomejs/cli-darwin-arm64': 1.9.4
      '@biomejs/cli-darwin-x64': 1.9.4
      '@biomejs/cli-linux-arm64': 1.9.4
      '@biomejs/cli-linux-arm64-musl': 1.9.4
      '@biomejs/cli-linux-x64': 1.9.4
      '@biomejs/cli-linux-x64-musl': 1.9.4
      '@biomejs/cli-win32-arm64': 1.9.4
      '@biomejs/cli-win32-x64': 1.9.4

  '@biomejs/cli-darwin-arm64@1.9.4':
    optional: true

  '@biomejs/cli-darwin-x64@1.9.4':
    optional: true

  '@biomejs/cli-linux-arm64-musl@1.9.4':
    optional: true

  '@biomejs/cli-linux-arm64@1.9.4':
    optional: true

  '@biomejs/cli-linux-x64-musl@1.9.4':
    optional: true

  '@biomejs/cli-linux-x64@1.9.4':
    optional: true

  '@biomejs/cli-win32-arm64@1.9.4':
    optional: true

  '@biomejs/cli-win32-x64@1.9.4':
    optional: true

  '@monaxlabs/mdk-schema@1.0.16(typescript@5.7.3)':
    dependencies:
      bigdecimal: bigdecimal.js@1.3.0
      buffer: 6.0.3
      date-fns: 4.1.0
      uuidv7: 1.0.2
      viem: 2.22.19(typescript@5.7.3)
    transitivePeerDependencies:
      - bufferutil
      - typescript
      - utf-8-validate

  '@noble/curves@1.8.1':
    dependencies:
      '@noble/hashes': 1.7.1

  '@noble/hashes@1.7.1': {}

  '@remix-run/router@1.16.0': {}

  '@scure/base@1.2.4': {}

  '@scure/bip32@1.6.2':
    dependencies:
      '@noble/curves': 1.8.1
      '@noble/hashes': 1.7.1
      '@scure/base': 1.2.4

  '@scure/bip39@1.5.4':
    dependencies:
      '@noble/hashes': 1.7.1
      '@scure/base': 1.2.4

  '@sentry-internal/feedback@7.112.2':
    dependencies:
      '@sentry/core': 7.112.2
      '@sentry/types': 7.112.2
      '@sentry/utils': 7.112.2

  '@sentry-internal/replay-canvas@7.112.2':
    dependencies:
      '@sentry/core': 7.112.2
      '@sentry/replay': 7.112.2
      '@sentry/types': 7.112.2
      '@sentry/utils': 7.112.2

  '@sentry-internal/tracing@7.112.2':
    dependencies:
      '@sentry/core': 7.112.2
      '@sentry/types': 7.112.2
      '@sentry/utils': 7.112.2

  '@sentry/browser@7.112.2':
    dependencies:
      '@sentry-internal/feedback': 7.112.2
      '@sentry-internal/replay-canvas': 7.112.2
      '@sentry-internal/tracing': 7.112.2
      '@sentry/core': 7.112.2
      '@sentry/integrations': 7.112.2
      '@sentry/replay': 7.112.2
      '@sentry/types': 7.112.2
      '@sentry/utils': 7.112.2

  '@sentry/core@7.112.2':
    dependencies:
      '@sentry/types': 7.112.2
      '@sentry/utils': 7.112.2

  '@sentry/integrations@7.112.2':
    dependencies:
      '@sentry/core': 7.112.2
      '@sentry/types': 7.112.2
      '@sentry/utils': 7.112.2
      localforage: 1.10.0

  '@sentry/react@7.112.2(react@18.3.1)':
    dependencies:
      '@sentry/browser': 7.112.2
      '@sentry/core': 7.112.2
      '@sentry/types': 7.112.2
      '@sentry/utils': 7.112.2
      hoist-non-react-statics: 3.3.2
      react: 18.3.1

  '@sentry/replay@7.112.2':
    dependencies:
      '@sentry-internal/tracing': 7.112.2
      '@sentry/core': 7.112.2
      '@sentry/types': 7.112.2
      '@sentry/utils': 7.112.2

  '@sentry/types@7.112.2': {}

  '@sentry/utils@7.112.2':
    dependencies:
      '@sentry/types': 7.112.2

  '@types/lodash@4.17.0': {}

  '@types/prop-types@15.7.12': {}

  '@types/react-dom@18.3.0':
    dependencies:
      '@types/react': 18.3.1

  '@types/react@18.3.1':
    dependencies:
      '@types/prop-types': 15.7.12
      csstype: 3.1.3

  abitype@1.0.8(typescript@5.7.3):
    optionalDependencies:
      typescript: 5.7.3

  base64-js@1.5.1: {}

  bigdecimal.js@1.3.0: {}

  buffer@6.0.3:
    dependencies:
      base64-js: 1.5.1
      ieee754: 1.2.1

  csstype@3.1.3: {}

  date-fns@4.1.0: {}

  debounce@2.0.0: {}

  eventemitter3@5.0.1: {}

  hoist-non-react-statics@3.3.2:
    dependencies:
      react-is: 16.13.1

  ieee754@1.2.1: {}

  immediate@3.0.6: {}

  isows@1.0.6(ws@8.18.0):
    dependencies:
      ws: 8.18.0

  js-tokens@4.0.0: {}

  lie@3.1.1:
    dependencies:
      immediate: 3.0.6

  localforage@1.10.0:
    dependencies:
      lie: 3.1.1

  lodash@4.17.21: {}

  loose-envify@1.4.0:
    dependencies:
      js-tokens: 4.0.0

  ox@0.6.7(typescript@5.7.3):
    dependencies:
      '@adraffy/ens-normalize': 1.11.0
      '@noble/curves': 1.8.1
      '@noble/hashes': 1.7.1
      '@scure/bip32': 1.6.2
      '@scure/bip39': 1.5.4
      abitype: 1.0.8(typescript@5.7.3)
      eventemitter3: 5.0.1
    optionalDependencies:
      typescript: 5.7.3
    transitivePeerDependencies:
      - zod

  react-dom@18.3.1(react@18.3.1):
    dependencies:
      loose-envify: 1.4.0
      react: 18.3.1
      scheduler: 0.23.2

  react-is@16.13.1: {}

  react-router-dom@6.23.0(react-dom@18.3.1(react@18.3.1))(react@18.3.1):
    dependencies:
      '@remix-run/router': 1.16.0
      react: 18.3.1
      react-dom: 18.3.1(react@18.3.1)
      react-router: 6.23.0(react@18.3.1)

  react-router@6.23.0(react@18.3.1):
    dependencies:
      '@remix-run/router': 1.16.0
      react: 18.3.1

  react@18.3.1:
    dependencies:
      loose-envify: 1.4.0

  scheduler@0.23.2:
    dependencies:
      loose-envify: 1.4.0

  typescript@5.7.3: {}

  uuidv7@1.0.2: {}

  viem@2.22.19(typescript@5.7.3):
    dependencies:
      '@noble/curves': 1.8.1
      '@noble/hashes': 1.7.1
      '@scure/bip32': 1.6.2
      '@scure/bip39': 1.5.4
      abitype: 1.0.8(typescript@5.7.3)
      isows: 1.0.6(ws@8.18.0)
      ox: 0.6.7(typescript@5.7.3)
      ws: 8.18.0
    optionalDependencies:
      typescript: 5.7.3
    transitivePeerDependencies:
      - bufferutil
      - utf-8-validate
      - zod

  ws@8.18.0: {}
